// !$*UTF8*$!
{
	archiveVersion = 1;
	classes = {
	};
	objectVersion = 50;
	objects = {

/* Begin PBXBuildFile section */
		2006492423FD4956005E3F7D /* PersistenceProvider.swift in Sources */ = {isa = PBXBuildFile; fileRef = 2006492323FD4956005E3F7D /* PersistenceProvider.swift */; };
		2006492523FD4956005E3F7D /* PersistenceProvider.swift in Sources */ = {isa = PBXBuildFile; fileRef = 2006492323FD4956005E3F7D /* PersistenceProvider.swift */; };
		2006492823FD4B0F005E3F7D /* Article.swift in Sources */ = {isa = PBXBuildFile; fileRef = 2006492723FD4B0F005E3F7D /* Article.swift */; };
		2006492923FD4B0F005E3F7D /* Article.swift in Sources */ = {isa = PBXBuildFile; fileRef = 2006492723FD4B0F005E3F7D /* Article.swift */; };
		2006492B23FD4B61005E3F7D /* CoreDataPersistence.swift in Sources */ = {isa = PBXBuildFile; fileRef = 2006492A23FD4B61005E3F7D /* CoreDataPersistence.swift */; };
		2006492E23FD4C64005E3F7D /* Article+CoreData.swift in Sources */ = {isa = PBXBuildFile; fileRef = 2006492D23FD4C64005E3F7D /* Article+CoreData.swift */; };
		2006493123FD5415005E3F7D /* Article+Network.swift in Sources */ = {isa = PBXBuildFile; fileRef = 2006493023FD5415005E3F7D /* Article+Network.swift */; };
		2006493223FD5415005E3F7D /* Article+Network.swift in Sources */ = {isa = PBXBuildFile; fileRef = 2006493023FD5415005E3F7D /* Article+Network.swift */; };
		2006493F23FD66EE005E3F7D /* ArticlyUITests.swift in Sources */ = {isa = PBXBuildFile; fileRef = 20BFCB5E23FCFF2900A0E599 /* ArticlyUITests.swift */; };
		2006494123FD779C005E3F7D /* ArticlesViewController+SearchBarDelegate.swift in Sources */ = {isa = PBXBuildFile; fileRef = 2006494023FD779B005E3F7D /* ArticlesViewController+SearchBarDelegate.swift */; };
		2006494223FD779C005E3F7D /* ArticlesViewController+SearchBarDelegate.swift in Sources */ = {isa = PBXBuildFile; fileRef = 2006494023FD779B005E3F7D /* ArticlesViewController+SearchBarDelegate.swift */; };
		2006494523FD783B005E3F7D /* ArticlesViewController+UITableViewDataSource.swift in Sources */ = {isa = PBXBuildFile; fileRef = 2006494423FD783B005E3F7D /* ArticlesViewController+UITableViewDataSource.swift */; };
		2006494623FD783B005E3F7D /* ArticlesViewController+UITableViewDataSource.swift in Sources */ = {isa = PBXBuildFile; fileRef = 2006494423FD783B005E3F7D /* ArticlesViewController+UITableViewDataSource.swift */; };
		2006494923FD78A0005E3F7D /* ArticleTableViewCell.swift in Sources */ = {isa = PBXBuildFile; fileRef = 2006494823FD78A0005E3F7D /* ArticleTableViewCell.swift */; };
		2006494A23FD78A0005E3F7D /* ArticleTableViewCell.swift in Sources */ = {isa = PBXBuildFile; fileRef = 2006494823FD78A0005E3F7D /* ArticleTableViewCell.swift */; };
		2006494C23FD7930005E3F7D /* ArticleTableViewCellViewModel.swift in Sources */ = {isa = PBXBuildFile; fileRef = 2006494B23FD7930005E3F7D /* ArticleTableViewCellViewModel.swift */; };
		2006494D23FD7930005E3F7D /* ArticleTableViewCellViewModel.swift in Sources */ = {isa = PBXBuildFile; fileRef = 2006494B23FD7930005E3F7D /* ArticleTableViewCellViewModel.swift */; };
		2006494F23FD797C005E3F7D /* Article+ViewModel.swift in Sources */ = {isa = PBXBuildFile; fileRef = 2006494E23FD797C005E3F7D /* Article+ViewModel.swift */; };
		2006495023FD797C005E3F7D /* Article+ViewModel.swift in Sources */ = {isa = PBXBuildFile; fileRef = 2006494E23FD797C005E3F7D /* Article+ViewModel.swift */; };
		205DCC7123FD03D300AD452A /* NetworkClient.framework in Frameworks */ = {isa = PBXBuildFile; fileRef = 205DCC6A23FD038800AD452A /* NetworkClient.framework */; };
		205DCC7223FD03D300AD452A /* NetworkClient.framework in Embed Frameworks */ = {isa = PBXBuildFile; fileRef = 205DCC6A23FD038800AD452A /* NetworkClient.framework */; settings = {ATTRIBUTES = (CodeSignOnCopy, RemoveHeadersOnCopy, ); }; };
		20B8ECF023FD3CB000E8D360 /* ArticlesViewModel.swift in Sources */ = {isa = PBXBuildFile; fileRef = 20B8ECEF23FD3CB000E8D360 /* ArticlesViewModel.swift */; };
		20B8ECF423FD3EB100E8D360 /* AppStateNavigation.swift in Sources */ = {isa = PBXBuildFile; fileRef = 20B8ECF323FD3EB100E8D360 /* AppStateNavigation.swift */; };
		20BFCB3A23FCFF2800A0E599 /* AppDelegate.swift in Sources */ = {isa = PBXBuildFile; fileRef = 20BFCB3923FCFF2800A0E599 /* AppDelegate.swift */; };
		20BFCB3C23FCFF2800A0E599 /* SceneDelegate.swift in Sources */ = {isa = PBXBuildFile; fileRef = 20BFCB3B23FCFF2800A0E599 /* SceneDelegate.swift */; };
		20BFCB3E23FCFF2800A0E599 /* ArticlesViewController.swift in Sources */ = {isa = PBXBuildFile; fileRef = 20BFCB3D23FCFF2800A0E599 /* ArticlesViewController.swift */; };
		20BFCB4123FCFF2800A0E599 /* Main.storyboard in Resources */ = {isa = PBXBuildFile; fileRef = 20BFCB3F23FCFF2800A0E599 /* Main.storyboard */; };
		20BFCB4423FCFF2800A0E599 /* Articly.xcdatamodeld in Sources */ = {isa = PBXBuildFile; fileRef = 20BFCB4223FCFF2800A0E599 /* Articly.xcdatamodeld */; };
		20BFCB4623FCFF2900A0E599 /* Assets.xcassets in Resources */ = {isa = PBXBuildFile; fileRef = 20BFCB4523FCFF2900A0E599 /* Assets.xcassets */; };
		20BFCB4923FCFF2900A0E599 /* LaunchScreen.storyboard in Resources */ = {isa = PBXBuildFile; fileRef = 20BFCB4723FCFF2900A0E599 /* LaunchScreen.storyboard */; };
		20BFCB5423FCFF2900A0E599 /* ArticlyTests.swift in Sources */ = {isa = PBXBuildFile; fileRef = 20BFCB5323FCFF2900A0E599 /* ArticlyTests.swift */; };
/* End PBXBuildFile section */

/* Begin PBXContainerItemProxy section */
		205DCC6923FD038800AD452A /* PBXContainerItemProxy */ = {
			isa = PBXContainerItemProxy;
			containerPortal = 205DCC6423FD038700AD452A /* NetworkClient.xcodeproj */;
			proxyType = 2;
			remoteGlobalIDString = 205DCC4A23FD038600AD452A;
			remoteInfo = NetworkClient;
		};
		205DCC6B23FD038800AD452A /* PBXContainerItemProxy */ = {
			isa = PBXContainerItemProxy;
			containerPortal = 205DCC6423FD038700AD452A /* NetworkClient.xcodeproj */;
			proxyType = 2;
			remoteGlobalIDString = 205DCC5323FD038700AD452A;
			remoteInfo = NetworkClientTests;
		};
		20BFCB5023FCFF2900A0E599 /* PBXContainerItemProxy */ = {
			isa = PBXContainerItemProxy;
			containerPortal = 20BFCB2E23FCFF2800A0E599 /* Project object */;
			proxyType = 1;
			remoteGlobalIDString = 20BFCB3523FCFF2800A0E599;
			remoteInfo = Articly;
		};
		20BFCB5B23FCFF2900A0E599 /* PBXContainerItemProxy */ = {
			isa = PBXContainerItemProxy;
			containerPortal = 20BFCB2E23FCFF2800A0E599 /* Project object */;
			proxyType = 1;
			remoteGlobalIDString = 20BFCB3523FCFF2800A0E599;
			remoteInfo = Articly;
		};
/* End PBXContainerItemProxy section */

/* Begin PBXCopyFilesBuildPhase section */
		205DCC7323FD03D300AD452A /* Embed Frameworks */ = {
			isa = PBXCopyFilesBuildPhase;
			buildActionMask = 2147483647;
			dstPath = "";
			dstSubfolderSpec = 10;
			files = (
				205DCC7223FD03D300AD452A /* NetworkClient.framework in Embed Frameworks */,
			);
			name = "Embed Frameworks";
			runOnlyForDeploymentPostprocessing = 0;
		};
/* End PBXCopyFilesBuildPhase section */

/* Begin PBXFileReference section */
		2006492323FD4956005E3F7D /* PersistenceProvider.swift */ = {isa = PBXFileReference; lastKnownFileType = sourcecode.swift; path = PersistenceProvider.swift; sourceTree = "<group>"; };
		2006492723FD4B0F005E3F7D /* Article.swift */ = {isa = PBXFileReference; lastKnownFileType = sourcecode.swift; path = Article.swift; sourceTree = "<group>"; };
		2006492A23FD4B61005E3F7D /* CoreDataPersistence.swift */ = {isa = PBXFileReference; lastKnownFileType = sourcecode.swift; path = CoreDataPersistence.swift; sourceTree = "<group>"; };
		2006492D23FD4C64005E3F7D /* Article+CoreData.swift */ = {isa = PBXFileReference; lastKnownFileType = sourcecode.swift; path = "Article+CoreData.swift"; sourceTree = "<group>"; };
		2006493023FD5415005E3F7D /* Article+Network.swift */ = {isa = PBXFileReference; lastKnownFileType = sourcecode.swift; path = "Article+Network.swift"; sourceTree = "<group>"; };
		2006494023FD779B005E3F7D /* ArticlesViewController+SearchBarDelegate.swift */ = {isa = PBXFileReference; lastKnownFileType = sourcecode.swift; path = "ArticlesViewController+SearchBarDelegate.swift"; sourceTree = "<group>"; };
		2006494423FD783B005E3F7D /* ArticlesViewController+UITableViewDataSource.swift */ = {isa = PBXFileReference; lastKnownFileType = sourcecode.swift; path = "ArticlesViewController+UITableViewDataSource.swift"; sourceTree = "<group>"; };
		2006494823FD78A0005E3F7D /* ArticleTableViewCell.swift */ = {isa = PBXFileReference; lastKnownFileType = sourcecode.swift; path = ArticleTableViewCell.swift; sourceTree = "<group>"; };
		2006494B23FD7930005E3F7D /* ArticleTableViewCellViewModel.swift */ = {isa = PBXFileReference; lastKnownFileType = sourcecode.swift; path = ArticleTableViewCellViewModel.swift; sourceTree = "<group>"; };
		2006494E23FD797C005E3F7D /* Article+ViewModel.swift */ = {isa = PBXFileReference; lastKnownFileType = sourcecode.swift; path = "Article+ViewModel.swift"; sourceTree = "<group>"; };
		205DCC6423FD038700AD452A /* NetworkClient.xcodeproj */ = {isa = PBXFileReference; lastKnownFileType = "wrapper.pb-project"; name = NetworkClient.xcodeproj; path = NetworkClient/NetworkClient.xcodeproj; sourceTree = "<group>"; };
		20B8ECEF23FD3CB000E8D360 /* ArticlesViewModel.swift */ = {isa = PBXFileReference; lastKnownFileType = sourcecode.swift; path = ArticlesViewModel.swift; sourceTree = "<group>"; };
		20B8ECF323FD3EB100E8D360 /* AppStateNavigation.swift */ = {isa = PBXFileReference; lastKnownFileType = sourcecode.swift; path = AppStateNavigation.swift; sourceTree = "<group>"; };
		20BFCB3623FCFF2800A0E599 /* Articly.app */ = {isa = PBXFileReference; explicitFileType = wrapper.application; includeInIndex = 0; path = Articly.app; sourceTree = BUILT_PRODUCTS_DIR; };
		20BFCB3923FCFF2800A0E599 /* AppDelegate.swift */ = {isa = PBXFileReference; lastKnownFileType = sourcecode.swift; path = AppDelegate.swift; sourceTree = "<group>"; };
		20BFCB3B23FCFF2800A0E599 /* SceneDelegate.swift */ = {isa = PBXFileReference; lastKnownFileType = sourcecode.swift; path = SceneDelegate.swift; sourceTree = "<group>"; };
		20BFCB3D23FCFF2800A0E599 /* ArticlesViewController.swift */ = {isa = PBXFileReference; lastKnownFileType = sourcecode.swift; path = ArticlesViewController.swift; sourceTree = "<group>"; };
		20BFCB4023FCFF2800A0E599 /* Base */ = {isa = PBXFileReference; lastKnownFileType = file.storyboard; name = Base; path = Base.lproj/Main.storyboard; sourceTree = "<group>"; };
		20BFCB4323FCFF2800A0E599 /* Articly.xcdatamodel */ = {isa = PBXFileReference; lastKnownFileType = wrapper.xcdatamodel; path = Articly.xcdatamodel; sourceTree = "<group>"; };
		20BFCB4523FCFF2900A0E599 /* Assets.xcassets */ = {isa = PBXFileReference; lastKnownFileType = folder.assetcatalog; path = Assets.xcassets; sourceTree = "<group>"; };
		20BFCB4823FCFF2900A0E599 /* Base */ = {isa = PBXFileReference; lastKnownFileType = file.storyboard; name = Base; path = Base.lproj/LaunchScreen.storyboard; sourceTree = "<group>"; };
		20BFCB4A23FCFF2900A0E599 /* Info.plist */ = {isa = PBXFileReference; lastKnownFileType = text.plist.xml; path = Info.plist; sourceTree = "<group>"; };
		20BFCB4F23FCFF2900A0E599 /* ArticlyTests.xctest */ = {isa = PBXFileReference; explicitFileType = wrapper.cfbundle; includeInIndex = 0; path = ArticlyTests.xctest; sourceTree = BUILT_PRODUCTS_DIR; };
		20BFCB5323FCFF2900A0E599 /* ArticlyTests.swift */ = {isa = PBXFileReference; lastKnownFileType = sourcecode.swift; path = ArticlyTests.swift; sourceTree = "<group>"; };
		20BFCB5523FCFF2900A0E599 /* Info.plist */ = {isa = PBXFileReference; lastKnownFileType = text.plist.xml; path = Info.plist; sourceTree = "<group>"; };
		20BFCB5A23FCFF2900A0E599 /* ArticlyUITests.xctest */ = {isa = PBXFileReference; explicitFileType = wrapper.cfbundle; includeInIndex = 0; path = ArticlyUITests.xctest; sourceTree = BUILT_PRODUCTS_DIR; };
		20BFCB5E23FCFF2900A0E599 /* ArticlyUITests.swift */ = {isa = PBXFileReference; lastKnownFileType = sourcecode.swift; path = ArticlyUITests.swift; sourceTree = "<group>"; };
		20BFCB6023FCFF2900A0E599 /* Info.plist */ = {isa = PBXFileReference; lastKnownFileType = text.plist.xml; path = Info.plist; sourceTree = "<group>"; };
/* End PBXFileReference section */

/* Begin PBXFrameworksBuildPhase section */
		20BFCB3323FCFF2800A0E599 /* Frameworks */ = {
			isa = PBXFrameworksBuildPhase;
			buildActionMask = 2147483647;
			files = (
				205DCC7123FD03D300AD452A /* NetworkClient.framework in Frameworks */,
			);
			runOnlyForDeploymentPostprocessing = 0;
		};
		20BFCB4C23FCFF2900A0E599 /* Frameworks */ = {
			isa = PBXFrameworksBuildPhase;
			buildActionMask = 2147483647;
			files = (
			);
			runOnlyForDeploymentPostprocessing = 0;
		};
		20BFCB5723FCFF2900A0E599 /* Frameworks */ = {
			isa = PBXFrameworksBuildPhase;
			buildActionMask = 2147483647;
			files = (
			);
			runOnlyForDeploymentPostprocessing = 0;
		};
/* End PBXFrameworksBuildPhase section */

/* Begin PBXGroup section */
		2006492023FD491E005E3F7D /* Persistence */ = {
			isa = PBXGroup;
			children = (
				2006492A23FD4B61005E3F7D /* CoreDataPersistence.swift */,
				2006492323FD4956005E3F7D /* PersistenceProvider.swift */,
			);
			path = Persistence;
			sourceTree = "<group>";
		};
		2006492623FD4A63005E3F7D /* Models */ = {
			isa = PBXGroup;
			children = (
				2006492723FD4B0F005E3F7D /* Article.swift */,
				2006492D23FD4C64005E3F7D /* Article+CoreData.swift */,
				2006493023FD5415005E3F7D /* Article+Network.swift */,
				2006494E23FD797C005E3F7D /* Article+ViewModel.swift */,
			);
			path = Models;
			sourceTree = "<group>";
		};
		2006494323FD77D8005E3F7D /* ArticlesList */ = {
			isa = PBXGroup;
			children = (
				20BFCB3D23FCFF2800A0E599 /* ArticlesViewController.swift */,
				2006494023FD779B005E3F7D /* ArticlesViewController+SearchBarDelegate.swift */,
				2006494423FD783B005E3F7D /* ArticlesViewController+UITableViewDataSource.swift */,
			);
			path = ArticlesList;
			sourceTree = "<group>";
		};
		2006494723FD7880005E3F7D /* Views */ = {
			isa = PBXGroup;
			children = (
				2006494823FD78A0005E3F7D /* ArticleTableViewCell.swift */,
			);
			path = Views;
			sourceTree = "<group>";
		};
		205DCC6523FD038700AD452A /* Products */ = {
			isa = PBXGroup;
			children = (
				205DCC6A23FD038800AD452A /* NetworkClient.framework */,
				205DCC6C23FD038800AD452A /* NetworkClientTests.xctest */,
			);
			name = Products;
			sourceTree = "<group>";
		};
		205DCC7023FD03D300AD452A /* Frameworks */ = {
			isa = PBXGroup;
			children = (
			);
			name = Frameworks;
			sourceTree = "<group>";
		};
		20B8ECE923FD34AC00E8D360 /* ViewControllers */ = {
			isa = PBXGroup;
			children = (
				2006494323FD77D8005E3F7D /* ArticlesList */,
			);
			path = ViewControllers;
			sourceTree = "<group>";
		};
		20B8ECEA23FD34C100E8D360 /* Storyboards */ = {
			isa = PBXGroup;
			children = (
				20BFCB4723FCFF2900A0E599 /* LaunchScreen.storyboard */,
				20BFCB3F23FCFF2800A0E599 /* Main.storyboard */,
			);
			path = Storyboards;
			sourceTree = "<group>";
		};
		20B8ECEE23FD3C8900E8D360 /* ViewModels */ = {
			isa = PBXGroup;
			children = (
				20B8ECEF23FD3CB000E8D360 /* ArticlesViewModel.swift */,
				2006494B23FD7930005E3F7D /* ArticleTableViewCellViewModel.swift */,
			);
			path = ViewModels;
			sourceTree = "<group>";
		};
		20B8ECF223FD3E9E00E8D360 /* App */ = {
			isa = PBXGroup;
			children = (
				20BFCB3923FCFF2800A0E599 /* AppDelegate.swift */,
				20B8ECF323FD3EB100E8D360 /* AppStateNavigation.swift */,
				20BFCB3B23FCFF2800A0E599 /* SceneDelegate.swift */,
			);
			path = App;
			sourceTree = "<group>";
		};
		20BFCB2D23FCFF2800A0E599 = {
			isa = PBXGroup;
			children = (
				205DCC6423FD038700AD452A /* NetworkClient.xcodeproj */,
				20BFCB3823FCFF2800A0E599 /* Articly */,
				20BFCB5223FCFF2900A0E599 /* ArticlyTests */,
				20BFCB5D23FCFF2900A0E599 /* ArticlyUITests */,
				20BFCB3723FCFF2800A0E599 /* Products */,
				205DCC7023FD03D300AD452A /* Frameworks */,
			);
			sourceTree = "<group>";
		};
		20BFCB3723FCFF2800A0E599 /* Products */ = {
			isa = PBXGroup;
			children = (
				20BFCB3623FCFF2800A0E599 /* Articly.app */,
				20BFCB4F23FCFF2900A0E599 /* ArticlyTests.xctest */,
				20BFCB5A23FCFF2900A0E599 /* ArticlyUITests.xctest */,
			);
			name = Products;
			sourceTree = "<group>";
		};
		20BFCB3823FCFF2800A0E599 /* Articly */ = {
			isa = PBXGroup;
			children = (
				2006494723FD7880005E3F7D /* Views */,
				2006492623FD4A63005E3F7D /* Models */,
				2006492023FD491E005E3F7D /* Persistence */,
				20B8ECF223FD3E9E00E8D360 /* App */,
				20B8ECEA23FD34C100E8D360 /* Storyboards */,
				20B8ECE923FD34AC00E8D360 /* ViewControllers */,
				20B8ECEE23FD3C8900E8D360 /* ViewModels */,
				20BFCB4223FCFF2800A0E599 /* Articly.xcdatamodeld */,
				20BFCB4523FCFF2900A0E599 /* Assets.xcassets */,
				20BFCB4A23FCFF2900A0E599 /* Info.plist */,
			);
			path = Articly;
			sourceTree = "<group>";
		};
		20BFCB5223FCFF2900A0E599 /* ArticlyTests */ = {
			isa = PBXGroup;
			children = (
				20BFCB5323FCFF2900A0E599 /* ArticlyTests.swift */,
				20BFCB5523FCFF2900A0E599 /* Info.plist */,
			);
			path = ArticlyTests;
			sourceTree = "<group>";
		};
		20BFCB5D23FCFF2900A0E599 /* ArticlyUITests */ = {
			isa = PBXGroup;
			children = (
				20BFCB5E23FCFF2900A0E599 /* ArticlyUITests.swift */,
				20BFCB6023FCFF2900A0E599 /* Info.plist */,
			);
			path = ArticlyUITests;
			sourceTree = "<group>";
		};
/* End PBXGroup section */

/* Begin PBXNativeTarget section */
		20BFCB3523FCFF2800A0E599 /* Articly */ = {
			isa = PBXNativeTarget;
			buildConfigurationList = 20BFCB6323FCFF2900A0E599 /* Build configuration list for PBXNativeTarget "Articly" */;
			buildPhases = (
				20BFCB3223FCFF2800A0E599 /* Sources */,
				20BFCB3323FCFF2800A0E599 /* Frameworks */,
				20BFCB3423FCFF2800A0E599 /* Resources */,
				205DCC7323FD03D300AD452A /* Embed Frameworks */,
			);
			buildRules = (
			);
			dependencies = (
			);
			name = Articly;
			productName = Articly;
			productReference = 20BFCB3623FCFF2800A0E599 /* Articly.app */;
			productType = "com.apple.product-type.application";
		};
		20BFCB4E23FCFF2900A0E599 /* ArticlyTests */ = {
			isa = PBXNativeTarget;
			buildConfigurationList = 20BFCB6623FCFF2900A0E599 /* Build configuration list for PBXNativeTarget "ArticlyTests" */;
			buildPhases = (
				20BFCB4B23FCFF2900A0E599 /* Sources */,
				20BFCB4C23FCFF2900A0E599 /* Frameworks */,
				20BFCB4D23FCFF2900A0E599 /* Resources */,
			);
			buildRules = (
			);
			dependencies = (
				20BFCB5123FCFF2900A0E599 /* PBXTargetDependency */,
			);
			name = ArticlyTests;
			productName = ArticlyTests;
			productReference = 20BFCB4F23FCFF2900A0E599 /* ArticlyTests.xctest */;
			productType = "com.apple.product-type.bundle.unit-test";
		};
		20BFCB5923FCFF2900A0E599 /* ArticlyUITests */ = {
			isa = PBXNativeTarget;
			buildConfigurationList = 20BFCB6923FCFF2900A0E599 /* Build configuration list for PBXNativeTarget "ArticlyUITests" */;
			buildPhases = (
				20BFCB5623FCFF2900A0E599 /* Sources */,
				20BFCB5723FCFF2900A0E599 /* Frameworks */,
				20BFCB5823FCFF2900A0E599 /* Resources */,
			);
			buildRules = (
			);
			dependencies = (
				20BFCB5C23FCFF2900A0E599 /* PBXTargetDependency */,
			);
			name = ArticlyUITests;
			productName = ArticlyUITests;
			productReference = 20BFCB5A23FCFF2900A0E599 /* ArticlyUITests.xctest */;
			productType = "com.apple.product-type.bundle.ui-testing";
		};
/* End PBXNativeTarget section */

/* Begin PBXProject section */
		20BFCB2E23FCFF2800A0E599 /* Project object */ = {
			isa = PBXProject;
			attributes = {
				LastSwiftUpdateCheck = 1130;
				LastUpgradeCheck = 1130;
				ORGANIZATIONNAME = Example;
				TargetAttributes = {
					20BFCB3523FCFF2800A0E599 = {
						CreatedOnToolsVersion = 11.3.1;
					};
					20BFCB4E23FCFF2900A0E599 = {
						CreatedOnToolsVersion = 11.3.1;
						TestTargetID = 20BFCB3523FCFF2800A0E599;
					};
					20BFCB5923FCFF2900A0E599 = {
						CreatedOnToolsVersion = 11.3.1;
						TestTargetID = 20BFCB3523FCFF2800A0E599;
					};
				};
			};
			buildConfigurationList = 20BFCB3123FCFF2800A0E599 /* Build configuration list for PBXProject "Articly" */;
			compatibilityVersion = "Xcode 9.3";
			developmentRegion = en;
			hasScannedForEncodings = 0;
			knownRegions = (
				en,
				Base,
			);
			mainGroup = 20BFCB2D23FCFF2800A0E599;
			productRefGroup = 20BFCB3723FCFF2800A0E599 /* Products */;
			projectDirPath = "";
			projectReferences = (
				{
					ProductGroup = 205DCC6523FD038700AD452A /* Products */;
					ProjectRef = 205DCC6423FD038700AD452A /* NetworkClient.xcodeproj */;
				},
			);
			projectRoot = "";
			targets = (
				20BFCB3523FCFF2800A0E599 /* Articly */,
				20BFCB4E23FCFF2900A0E599 /* ArticlyTests */,
				20BFCB5923FCFF2900A0E599 /* ArticlyUITests */,
			);
		};
/* End PBXProject section */

/* Begin PBXReferenceProxy section */
		205DCC6A23FD038800AD452A /* NetworkClient.framework */ = {
			isa = PBXReferenceProxy;
			fileType = wrapper.framework;
			path = NetworkClient.framework;
			remoteRef = 205DCC6923FD038800AD452A /* PBXContainerItemProxy */;
			sourceTree = BUILT_PRODUCTS_DIR;
		};
		205DCC6C23FD038800AD452A /* NetworkClientTests.xctest */ = {
			isa = PBXReferenceProxy;
			fileType = wrapper.cfbundle;
			path = NetworkClientTests.xctest;
			remoteRef = 205DCC6B23FD038800AD452A /* PBXContainerItemProxy */;
			sourceTree = BUILT_PRODUCTS_DIR;
		};
/* End PBXReferenceProxy section */

/* Begin PBXResourcesBuildPhase section */
		20BFCB3423FCFF2800A0E599 /* Resources */ = {
			isa = PBXResourcesBuildPhase;
			buildActionMask = 2147483647;
			files = (
				20BFCB4923FCFF2900A0E599 /* LaunchScreen.storyboard in Resources */,
				20BFCB4623FCFF2900A0E599 /* Assets.xcassets in Resources */,
				20BFCB4123FCFF2800A0E599 /* Main.storyboard in Resources */,
			);
			runOnlyForDeploymentPostprocessing = 0;
		};
		20BFCB4D23FCFF2900A0E599 /* Resources */ = {
			isa = PBXResourcesBuildPhase;
			buildActionMask = 2147483647;
			files = (
			);
			runOnlyForDeploymentPostprocessing = 0;
		};
		20BFCB5823FCFF2900A0E599 /* Resources */ = {
			isa = PBXResourcesBuildPhase;
			buildActionMask = 2147483647;
			files = (
			);
			runOnlyForDeploymentPostprocessing = 0;
		};
/* End PBXResourcesBuildPhase section */

/* Begin PBXSourcesBuildPhase section */
		20BFCB3223FCFF2800A0E599 /* Sources */ = {
			isa = PBXSourcesBuildPhase;
			buildActionMask = 2147483647;
			files = (
				20BFCB4423FCFF2800A0E599 /* Articly.xcdatamodeld in Sources */,
				2006492E23FD4C64005E3F7D /* Article+CoreData.swift in Sources */,
				2006492B23FD4B61005E3F7D /* CoreDataPersistence.swift in Sources */,
				20B8ECF023FD3CB000E8D360 /* ArticlesViewModel.swift in Sources */,
				2006494C23FD7930005E3F7D /* ArticleTableViewCellViewModel.swift in Sources */,
				20BFCB3E23FCFF2800A0E599 /* ArticlesViewController.swift in Sources */,
				20BFCB3A23FCFF2800A0E599 /* AppDelegate.swift in Sources */,
				2006493123FD5415005E3F7D /* Article+Network.swift in Sources */,
				2006492823FD4B0F005E3F7D /* Article.swift in Sources */,
				2006494123FD779C005E3F7D /* ArticlesViewController+SearchBarDelegate.swift in Sources */,
				2006492423FD4956005E3F7D /* PersistenceProvider.swift in Sources */,
				20BFCB3C23FCFF2800A0E599 /* SceneDelegate.swift in Sources */,
				20B8ECF423FD3EB100E8D360 /* AppStateNavigation.swift in Sources */,
				2006494F23FD797C005E3F7D /* Article+ViewModel.swift in Sources */,
				2006494923FD78A0005E3F7D /* ArticleTableViewCell.swift in Sources */,
				2006494523FD783B005E3F7D /* ArticlesViewController+UITableViewDataSource.swift in Sources */,
			);
			runOnlyForDeploymentPostprocessing = 0;
		};
		20BFCB4B23FCFF2900A0E599 /* Sources */ = {
			isa = PBXSourcesBuildPhase;
			buildActionMask = 2147483647;
			files = (
				2006494623FD783B005E3F7D /* ArticlesViewController+UITableViewDataSource.swift in Sources */,
				2006494D23FD7930005E3F7D /* ArticleTableViewCellViewModel.swift in Sources */,
				2006493223FD5415005E3F7D /* Article+Network.swift in Sources */,
				2006492523FD4956005E3F7D /* PersistenceProvider.swift in Sources */,
				2006494223FD779C005E3F7D /* ArticlesViewController+SearchBarDelegate.swift in Sources */,
				20BFCB5423FCFF2900A0E599 /* ArticlyTests.swift in Sources */,
				2006495023FD797C005E3F7D /* Article+ViewModel.swift in Sources */,
				2006494A23FD78A0005E3F7D /* ArticleTableViewCell.swift in Sources */,
				2006492923FD4B0F005E3F7D /* Article.swift in Sources */,
			);
			runOnlyForDeploymentPostprocessing = 0;
		};
		20BFCB5623FCFF2900A0E599 /* Sources */ = {
			isa = PBXSourcesBuildPhase;
			buildActionMask = 2147483647;
			files = (
				2006493F23FD66EE005E3F7D /* ArticlyUITests.swift in Sources */,
			);
			runOnlyForDeploymentPostprocessing = 0;
		};
/* End PBXSourcesBuildPhase section */

/* Begin PBXTargetDependency section */
		20BFCB5123FCFF2900A0E599 /* PBXTargetDependency */ = {
			isa = PBXTargetDependency;
			target = 20BFCB3523FCFF2800A0E599 /* Articly */;
			targetProxy = 20BFCB5023FCFF2900A0E599 /* PBXContainerItemProxy */;
		};
		20BFCB5C23FCFF2900A0E599 /* PBXTargetDependency */ = {
			isa = PBXTargetDependency;
			target = 20BFCB3523FCFF2800A0E599 /* Articly */;
			targetProxy = 20BFCB5B23FCFF2900A0E599 /* PBXContainerItemProxy */;
		};
/* End PBXTargetDependency section */

/* Begin PBXVariantGroup section */
		20BFCB3F23FCFF2800A0E599 /* Main.storyboard */ = {
			isa = PBXVariantGroup;
			children = (
				20BFCB4023FCFF2800A0E599 /* Base */,
			);
			name = Main.storyboard;
			sourceTree = "<group>";
		};
		20BFCB4723FCFF2900A0E599 /* LaunchScreen.storyboard */ = {
			isa = PBXVariantGroup;
			children = (
				20BFCB4823FCFF2900A0E599 /* Base */,
			);
			name = LaunchScreen.storyboard;
			sourceTree = "<group>";
		};
/* End PBXVariantGroup section */

/* Begin XCBuildConfiguration section */
		20BFCB6123FCFF2900A0E599 /* Debug */ = {
			isa = XCBuildConfiguration;
			buildSettings = {
				ALWAYS_SEARCH_USER_PATHS = NO;
				CLANG_ANALYZER_NONNULL = YES;
				CLANG_ANALYZER_NUMBER_OBJECT_CONVERSION = YES_AGGRESSIVE;
				CLANG_CXX_LANGUAGE_STANDARD = "gnu++14";
				CLANG_CXX_LIBRARY = "libc++";
				CLANG_ENABLE_MODULES = YES;
				CLANG_ENABLE_OBJC_ARC = YES;
				CLANG_ENABLE_OBJC_WEAK = YES;
				CLANG_WARN_BLOCK_CAPTURE_AUTORELEASING = YES;
				CLANG_WARN_BOOL_CONVERSION = YES;
				CLANG_WARN_COMMA = YES;
				CLANG_WARN_CONSTANT_CONVERSION = YES;
				CLANG_WARN_DEPRECATED_OBJC_IMPLEMENTATIONS = YES;
				CLANG_WARN_DIRECT_OBJC_ISA_USAGE = YES_ERROR;
				CLANG_WARN_DOCUMENTATION_COMMENTS = YES;
				CLANG_WARN_EMPTY_BODY = YES;
				CLANG_WARN_ENUM_CONVERSION = YES;
				CLANG_WARN_INFINITE_RECURSION = YES;
				CLANG_WARN_INT_CONVERSION = YES;
				CLANG_WARN_NON_LITERAL_NULL_CONVERSION = YES;
				CLANG_WARN_OBJC_IMPLICIT_RETAIN_SELF = YES;
				CLANG_WARN_OBJC_LITERAL_CONVERSION = YES;
				CLANG_WARN_OBJC_ROOT_CLASS = YES_ERROR;
				CLANG_WARN_RANGE_LOOP_ANALYSIS = YES;
				CLANG_WARN_STRICT_PROTOTYPES = YES;
				CLANG_WARN_SUSPICIOUS_MOVE = YES;
				CLANG_WARN_UNGUARDED_AVAILABILITY = YES_AGGRESSIVE;
				CLANG_WARN_UNREACHABLE_CODE = YES;
				CLANG_WARN__DUPLICATE_METHOD_MATCH = YES;
				COPY_PHASE_STRIP = NO;
				DEBUG_INFORMATION_FORMAT = dwarf;
				ENABLE_STRICT_OBJC_MSGSEND = YES;
				ENABLE_TESTABILITY = YES;
				GCC_C_LANGUAGE_STANDARD = gnu11;
				GCC_DYNAMIC_NO_PIC = NO;
				GCC_NO_COMMON_BLOCKS = YES;
				GCC_OPTIMIZATION_LEVEL = 0;
				GCC_PREPROCESSOR_DEFINITIONS = (
					"DEBUG=1",
					"$(inherited)",
				);
				GCC_WARN_64_TO_32_BIT_CONVERSION = YES;
				GCC_WARN_ABOUT_RETURN_TYPE = YES_ERROR;
				GCC_WARN_UNDECLARED_SELECTOR = YES;
				GCC_WARN_UNINITIALIZED_AUTOS = YES_AGGRESSIVE;
				GCC_WARN_UNUSED_FUNCTION = YES;
				GCC_WARN_UNUSED_VARIABLE = YES;
				IPHONEOS_DEPLOYMENT_TARGET = 13.2;
				MTL_ENABLE_DEBUG_INFO = INCLUDE_SOURCE;
				MTL_FAST_MATH = YES;
				ONLY_ACTIVE_ARCH = YES;
				SDKROOT = iphoneos;
				SWIFT_ACTIVE_COMPILATION_CONDITIONS = DEBUG;
				SWIFT_OPTIMIZATION_LEVEL = "-Onone";
			};
			name = Debug;
		};
		20BFCB6223FCFF2900A0E599 /* Release */ = {
			isa = XCBuildConfiguration;
			buildSettings = {
				ALWAYS_SEARCH_USER_PATHS = NO;
				CLANG_ANALYZER_NONNULL = YES;
				CLANG_ANALYZER_NUMBER_OBJECT_CONVERSION = YES_AGGRESSIVE;
				CLANG_CXX_LANGUAGE_STANDARD = "gnu++14";
				CLANG_CXX_LIBRARY = "libc++";
				CLANG_ENABLE_MODULES = YES;
				CLANG_ENABLE_OBJC_ARC = YES;
				CLANG_ENABLE_OBJC_WEAK = YES;
				CLANG_WARN_BLOCK_CAPTURE_AUTORELEASING = YES;
				CLANG_WARN_BOOL_CONVERSION = YES;
				CLANG_WARN_COMMA = YES;
				CLANG_WARN_CONSTANT_CONVERSION = YES;
				CLANG_WARN_DEPRECATED_OBJC_IMPLEMENTATIONS = YES;
				CLANG_WARN_DIRECT_OBJC_ISA_USAGE = YES_ERROR;
				CLANG_WARN_DOCUMENTATION_COMMENTS = YES;
				CLANG_WARN_EMPTY_BODY = YES;
				CLANG_WARN_ENUM_CONVERSION = YES;
				CLANG_WARN_INFINITE_RECURSION = YES;
				CLANG_WARN_INT_CONVERSION = YES;
				CLANG_WARN_NON_LITERAL_NULL_CONVERSION = YES;
				CLANG_WARN_OBJC_IMPLICIT_RETAIN_SELF = YES;
				CLANG_WARN_OBJC_LITERAL_CONVERSION = YES;
				CLANG_WARN_OBJC_ROOT_CLASS = YES_ERROR;
				CLANG_WARN_RANGE_LOOP_ANALYSIS = YES;
				CLANG_WARN_STRICT_PROTOTYPES = YES;
				CLANG_WARN_SUSPICIOUS_MOVE = YES;
				CLANG_WARN_UNGUARDED_AVAILABILITY = YES_AGGRESSIVE;
				CLANG_WARN_UNREACHABLE_CODE = YES;
				CLANG_WARN__DUPLICATE_METHOD_MATCH = YES;
				COPY_PHASE_STRIP = NO;
				DEBUG_INFORMATION_FORMAT = "dwarf-with-dsym";
				ENABLE_NS_ASSERTIONS = NO;
				ENABLE_STRICT_OBJC_MSGSEND = YES;
				GCC_C_LANGUAGE_STANDARD = gnu11;
				GCC_NO_COMMON_BLOCKS = YES;
				GCC_WARN_64_TO_32_BIT_CONVERSION = YES;
				GCC_WARN_ABOUT_RETURN_TYPE = YES_ERROR;
				GCC_WARN_UNDECLARED_SELECTOR = YES;
				GCC_WARN_UNINITIALIZED_AUTOS = YES_AGGRESSIVE;
				GCC_WARN_UNUSED_FUNCTION = YES;
				GCC_WARN_UNUSED_VARIABLE = YES;
				IPHONEOS_DEPLOYMENT_TARGET = 13.2;
				MTL_ENABLE_DEBUG_INFO = NO;
				MTL_FAST_MATH = YES;
				SDKROOT = iphoneos;
				SWIFT_COMPILATION_MODE = wholemodule;
				SWIFT_OPTIMIZATION_LEVEL = "-O";
				VALIDATE_PRODUCT = YES;
			};
			name = Release;
		};
		20BFCB6423FCFF2900A0E599 /* Debug */ = {
			isa = XCBuildConfiguration;
			buildSettings = {
				ASSETCATALOG_COMPILER_APPICON_NAME = AppIcon;
				CODE_SIGN_STYLE = Automatic;
				INFOPLIST_FILE = Articly/Info.plist;
				LD_RUNPATH_SEARCH_PATHS = (
					"$(inherited)",
					"@executable_path/Frameworks",
				);
				PRODUCT_BUNDLE_IDENTIFIER = com.example.Articly;
				PRODUCT_NAME = "$(TARGET_NAME)";
				SWIFT_VERSION = 5.0;
				TARGETED_DEVICE_FAMILY = "1,2";
			};
			name = Debug;
		};
		20BFCB6523FCFF2900A0E599 /* Release */ = {
			isa = XCBuildConfiguration;
			buildSettings = {
				ASSETCATALOG_COMPILER_APPICON_NAME = AppIcon;
				CODE_SIGN_STYLE = Automatic;
				INFOPLIST_FILE = Articly/Info.plist;
				LD_RUNPATH_SEARCH_PATHS = (
					"$(inherited)",
					"@executable_path/Frameworks",
				);
				PRODUCT_BUNDLE_IDENTIFIER = com.example.Articly;
				PRODUCT_NAME = "$(TARGET_NAME)";
				SWIFT_VERSION = 5.0;
				TARGETED_DEVICE_FAMILY = "1,2";
			};
			name = Release;
		};
		20BFCB6723FCFF2900A0E599 /* Debug */ = {
			isa = XCBuildConfiguration;
			buildSettings = {
				ALWAYS_EMBED_SWIFT_STANDARD_LIBRARIES = YES;
				BUNDLE_LOADER = "$(TEST_HOST)";
				CODE_SIGN_STYLE = Automatic;
				INFOPLIST_FILE = ArticlyTests/Info.plist;
				IPHONEOS_DEPLOYMENT_TARGET = 13.2;
				LD_RUNPATH_SEARCH_PATHS = (
					"$(inherited)",
					"@executable_path/Frameworks",
					"@loader_path/Frameworks",
				);
				PRODUCT_BUNDLE_IDENTIFIER = com.example.ArticlyTests;
				PRODUCT_NAME = "$(TARGET_NAME)";
				SWIFT_VERSION = 5.0;
				TARGETED_DEVICE_FAMILY = "1,2";
				TEST_HOST = "$(BUILT_PRODUCTS_DIR)/Articly.app/Articly";
			};
			name = Debug;
		};
		20BFCB6823FCFF2900A0E599 /* Release */ = {
			isa = XCBuildConfiguration;
			buildSettings = {
				ALWAYS_EMBED_SWIFT_STANDARD_LIBRARIES = YES;
				BUNDLE_LOADER = "$(TEST_HOST)";
				CODE_SIGN_STYLE = Automatic;
				INFOPLIST_FILE = ArticlyTests/Info.plist;
				IPHONEOS_DEPLOYMENT_TARGET = 13.2;
				LD_RUNPATH_SEARCH_PATHS = (
					"$(inherited)",
					"@executable_path/Frameworks",
					"@loader_path/Frameworks",
				);
				PRODUCT_BUNDLE_IDENTIFIER = com.example.ArticlyTests;
				PRODUCT_NAME = "$(TARGET_NAME)";
				SWIFT_VERSION = 5.0;
				TARGETED_DEVICE_FAMILY = "1,2";
				TEST_HOST = "$(BUILT_PRODUCTS_DIR)/Articly.app/Articly";
			};
			name = Release;
		};
		20BFCB6A23FCFF2900A0E599 /* Debug */ = {
			isa = XCBuildConfiguration;
			buildSettings = {
				ALWAYS_EMBED_SWIFT_STANDARD_LIBRARIES = YES;
				CODE_SIGN_STYLE = Automatic;
				INFOPLIST_FILE = ArticlyUITests/Info.plist;
				LD_RUNPATH_SEARCH_PATHS = (
					"$(inherited)",
					"@executable_path/Frameworks",
					"@loader_path/Frameworks",
				);
				PRODUCT_BUNDLE_IDENTIFIER = com.example.ArticlyUITests;
				PRODUCT_NAME = "$(TARGET_NAME)";
				SWIFT_VERSION = 5.0;
				TARGETED_DEVICE_FAMILY = "1,2";
				TEST_TARGET_NAME = Articly;
			};
			name = Debug;
		};
		20BFCB6B23FCFF2900A0E599 /* Release */ = {
			isa = XCBuildConfiguration;
			buildSettings = {
				ALWAYS_EMBED_SWIFT_STANDARD_LIBRARIES = YES;
				CODE_SIGN_STYLE = Automatic;
				INFOPLIST_FILE = ArticlyUITests/Info.plist;
				LD_RUNPATH_SEARCH_PATHS = (
					"$(inherited)",
					"@executable_path/Frameworks",
					"@loader_path/Frameworks",
				);
				PRODUCT_BUNDLE_IDENTIFIER = com.example.ArticlyUITests;
				PRODUCT_NAME = "$(TARGET_NAME)";
				SWIFT_VERSION = 5.0;
				TARGETED_DEVICE_FAMILY = "1,2";
				TEST_TARGET_NAME = Articly;
			};
			name = Release;
		};
/* End XCBuildConfiguration section */

/* Begin XCConfigurationList section */
		20BFCB3123FCFF2800A0E599 /* Build configuration list for PBXProject "Articly" */ = {
			isa = XCConfigurationList;
			buildConfigurations = (
				20BFCB6123FCFF2900A0E599 /* Debug */,
				20BFCB6223FCFF2900A0E599 /* Release */,
			);
			defaultConfigurationIsVisible = 0;
			defaultConfigurationName = Release;
		};
		20BFCB6323FCFF2900A0E599 /* Build configuration list for PBXNativeTarget "Articly" */ = {
			isa = XCConfigurationList;
			buildConfigurations = (
				20BFCB6423FCFF2900A0E599 /* Debug */,
				20BFCB6523FCFF2900A0E599 /* Release */,
			);
			defaultConfigurationIsVisible = 0;
			defaultConfigurationName = Release;
		};
		20BFCB6623FCFF2900A0E599 /* Build configuration list for PBXNativeTarget "ArticlyTests" */ = {
			isa = XCConfigurationList;
			buildConfigurations = (
				20BFCB6723FCFF2900A0E599 /* Debug */,
				20BFCB6823FCFF2900A0E599 /* Release */,
			);
			defaultConfigurationIsVisible = 0;
			defaultConfigurationName = Release;
		};
		20BFCB6923FCFF2900A0E599 /* Build configuration list for PBXNativeTarget "ArticlyUITests" */ = {
			isa = XCConfigurationList;
			buildConfigurations = (
				20BFCB6A23FCFF2900A0E599 /* Debug */,
				20BFCB6B23FCFF2900A0E599 /* Release */,
			);
			defaultConfigurationIsVisible = 0;
			defaultConfigurationName = Release;
		};
/* End XCConfigurationList section */

/* Begin XCVersionGroup section */
		20BFCB4223FCFF2800A0E599 /* Articly.xcdatamodeld */ = {
			isa = XCVersionGroup;
			children = (
				20BFCB4323FCFF2800A0E599 /* Articly.xcdatamodel */,
			);
			currentVersion = 20BFCB4323FCFF2800A0E599 /* Articly.xcdatamodel */;
			path = Articly.xcdatamodeld;
			sourceTree = "<group>";
			versionGroupType = wrapper.xcdatamodel;
		};
/* End XCVersionGroup section */
	};
	rootObject = 20BFCB2E23FCFF2800A0E599 /* Project object */;
}
